
Microsoft Visual Studio Solution File, Format Version 12.00
# Visual Studio Version 17
VisualStudioVersion = 17.2.32616.157
MinimumVisualStudioVersion = 10.0.40219.1
Project("{2150E333-8FDC-42A3-9474-1A3956D46DE8}") = "src", "src", "{AE99D29D-66DE-48A1-ABF8-48C6A9BDF5FD}"
EndProject
Project("{2150E333-8FDC-42A3-9474-1A3956D46DE8}") = "Building Blocks", "Building Blocks", "{4E45DA02-2B9E-41AC-8D19-70D931D47064}"
EndProject
Project("{2150E333-8FDC-42A3-9474-1A3956D46DE8}") = "Web", "Web", "{CB102F1F-B0AA-4644-BD83-299DB373BC89}"
EndProject
Project("{2150E333-8FDC-42A3-9474-1A3956D46DE8}") = "Services", "Services", "{E1F1ECF6-8D25-4C15-8723-C86553AB847D}"
EndProject
Project("{2150E333-8FDC-42A3-9474-1A3956D46DE8}") = "Identidade", "Identidade", "{6EA7BD51-186A-40D6-B217-4214A2944DC1}"
EndProject
Project("{9A19103F-16F7-4668-BE54-9A1E7A4F7556}") = "NSE.Identidade.API", "src\services\NSE.Identidade.API\NSE.Identidade.API\NSE.Identidade.API.csproj", "{E3D2BA38-E4D9-4522-8963-D261027301F1}"
EndProject
Project("{2150E333-8FDC-42A3-9474-1A3956D46DE8}") = "MVC", "MVC", "{7B7ADEFD-15A2-44C1-BF4A-7A2541AAB49A}"
EndProject
Project("{9A19103F-16F7-4668-BE54-9A1E7A4F7556}") = "NSE.WebApp.MVC", "src\web\NSE.WebApp.MVC\NSE.WebApp.MVC.csproj", "{B1268FA3-44EA-4FE6-8873-CA341BC317DA}"
EndProject
Project("{2150E333-8FDC-42A3-9474-1A3956D46DE8}") = "Core", "Core", "{35186DA7-702A-4AD8-8FAE-BF3DD7051956}"
EndProject
Project("{9A19103F-16F7-4668-BE54-9A1E7A4F7556}") = "NSE.Core", "src\building blocks\NSE.Core\NSE.Core.csproj", "{43CCE4B5-05AA-4A8B-8441-5ED41C6A9D7D}"
EndProject
Project("{2150E333-8FDC-42A3-9474-1A3956D46DE8}") = "Carrinho", "Carrinho", "{B9D295DD-63C0-437A-9156-537B8B31985F}"
EndProject
Project("{9A19103F-16F7-4668-BE54-9A1E7A4F7556}") = "NSE.Carrinho.API", "src\services\NSE.Carrinho.API\NSE.Carrinho.API.csproj", "{130BD15B-05E1-41D7-A7C6-9E1067163804}"
EndProject
Project("{2150E333-8FDC-42A3-9474-1A3956D46DE8}") = "Catalogo", "Catalogo", "{BC6AEB56-F406-4D6F-8D39-0EEFE809AA71}"
EndProject
Project("{9A19103F-16F7-4668-BE54-9A1E7A4F7556}") = "NSE.Catalogo.API", "src\services\NSE.Catalogo.API\NSE.Catalogo.API.csproj", "{7FE2D5AE-2DC3-43D5-87E9-23794FEBF62A}"
EndProject
Project("{2150E333-8FDC-42A3-9474-1A3956D46DE8}") = "Cliente", "Cliente", "{85113D45-4DC7-4E54-AEEE-459831A52BA2}"
EndProject
Project("{9A19103F-16F7-4668-BE54-9A1E7A4F7556}") = "NSE.Cliente.API", "src\services\NSE.Cliente.API\NSE.Cliente.API.csproj", "{842F1B3C-5C45-4044-91CC-3AC179D89664}"
EndProject
Project("{2150E333-8FDC-42A3-9474-1A3956D46DE8}") = "Pagamento", "Pagamento", "{5C404D92-0B48-40D5-A93A-4D4AD44E1CD0}"
EndProject
Project("{9A19103F-16F7-4668-BE54-9A1E7A4F7556}") = "NSE.Pagamento.API", "src\services\NSE.Pagamento.API\NSE.Pagamento.API.csproj", "{11611383-CE03-4FF1-B3D8-92EAC1BE59F8}"
EndProject
Project("{2150E333-8FDC-42A3-9474-1A3956D46DE8}") = "Pedido", "Pedido", "{3B48F3D3-1717-498C-8001-31215F07DAC3}"
EndProject
Project("{9A19103F-16F7-4668-BE54-9A1E7A4F7556}") = "NSE.Pedido.API", "src\services\NSE.Pedido.API\NSE.Pedido.API.csproj", "{C2F58DCA-D85B-4B0F-A04E-577FE37EA6AB}"
EndProject
Project("{2150E333-8FDC-42A3-9474-1A3956D46DE8}") = "Services", "Services", "{55C2802B-E8FF-40E7-A607-C3A7BDFF0B29}"
EndProject
Project("{FAE04EC0-301F-11D3-BF4B-00C04F79EFBC}") = "NSE.WebApi.Core", "src\building blocks\NSE.WebApi.Core\NSE.WebApi.Core.csproj", "{6DC5360F-E8C0-40D7-951F-C050D770A319}"
EndProject
Global
	GlobalSection(SolutionConfigurationPlatforms) = preSolution
		Debug|Any CPU = Debug|Any CPU
		Release|Any CPU = Release|Any CPU
	EndGlobalSection
	GlobalSection(ProjectConfigurationPlatforms) = postSolution
		{E3D2BA38-E4D9-4522-8963-D261027301F1}.Debug|Any CPU.ActiveCfg = Debug|Any CPU
		{E3D2BA38-E4D9-4522-8963-D261027301F1}.Debug|Any CPU.Build.0 = Debug|Any CPU
		{E3D2BA38-E4D9-4522-8963-D261027301F1}.Release|Any CPU.ActiveCfg = Release|Any CPU
		{E3D2BA38-E4D9-4522-8963-D261027301F1}.Release|Any CPU.Build.0 = Release|Any CPU
		{B1268FA3-44EA-4FE6-8873-CA341BC317DA}.Debug|Any CPU.ActiveCfg = Debug|Any CPU
		{B1268FA3-44EA-4FE6-8873-CA341BC317DA}.Debug|Any CPU.Build.0 = Debug|Any CPU
		{B1268FA3-44EA-4FE6-8873-CA341BC317DA}.Release|Any CPU.ActiveCfg = Release|Any CPU
		{B1268FA3-44EA-4FE6-8873-CA341BC317DA}.Release|Any CPU.Build.0 = Release|Any CPU
		{43CCE4B5-05AA-4A8B-8441-5ED41C6A9D7D}.Debug|Any CPU.ActiveCfg = Debug|Any CPU
		{43CCE4B5-05AA-4A8B-8441-5ED41C6A9D7D}.Debug|Any CPU.Build.0 = Debug|Any CPU
		{43CCE4B5-05AA-4A8B-8441-5ED41C6A9D7D}.Release|Any CPU.ActiveCfg = Release|Any CPU
		{43CCE4B5-05AA-4A8B-8441-5ED41C6A9D7D}.Release|Any CPU.Build.0 = Release|Any CPU
		{130BD15B-05E1-41D7-A7C6-9E1067163804}.Debug|Any CPU.ActiveCfg = Debug|Any CPU
		{130BD15B-05E1-41D7-A7C6-9E1067163804}.Debug|Any CPU.Build.0 = Debug|Any CPU
		{130BD15B-05E1-41D7-A7C6-9E1067163804}.Release|Any CPU.ActiveCfg = Release|Any CPU
		{130BD15B-05E1-41D7-A7C6-9E1067163804}.Release|Any CPU.Build.0 = Release|Any CPU
		{7FE2D5AE-2DC3-43D5-87E9-23794FEBF62A}.Debug|Any CPU.ActiveCfg = Debug|Any CPU
		{7FE2D5AE-2DC3-43D5-87E9-23794FEBF62A}.Debug|Any CPU.Build.0 = Debug|Any CPU
		{7FE2D5AE-2DC3-43D5-87E9-23794FEBF62A}.Release|Any CPU.ActiveCfg = Release|Any CPU
		{7FE2D5AE-2DC3-43D5-87E9-23794FEBF62A}.Release|Any CPU.Build.0 = Release|Any CPU
		{842F1B3C-5C45-4044-91CC-3AC179D89664}.Debug|Any CPU.ActiveCfg = Debug|Any CPU
		{842F1B3C-5C45-4044-91CC-3AC179D89664}.Debug|Any CPU.Build.0 = Debug|Any CPU
		{842F1B3C-5C45-4044-91CC-3AC179D89664}.Release|Any CPU.ActiveCfg = Release|Any CPU
		{842F1B3C-5C45-4044-91CC-3AC179D89664}.Release|Any CPU.Build.0 = Release|Any CPU
		{11611383-CE03-4FF1-B3D8-92EAC1BE59F8}.Debug|Any CPU.ActiveCfg = Debug|Any CPU
		{11611383-CE03-4FF1-B3D8-92EAC1BE59F8}.Debug|Any CPU.Build.0 = Debug|Any CPU
		{11611383-CE03-4FF1-B3D8-92EAC1BE59F8}.Release|Any CPU.ActiveCfg = Release|Any CPU
		{11611383-CE03-4FF1-B3D8-92EAC1BE59F8}.Release|Any CPU.Build.0 = Release|Any CPU
		{C2F58DCA-D85B-4B0F-A04E-577FE37EA6AB}.Debug|Any CPU.ActiveCfg = Debug|Any CPU
		{C2F58DCA-D85B-4B0F-A04E-577FE37EA6AB}.Debug|Any CPU.Build.0 = Debug|Any CPU
		{C2F58DCA-D85B-4B0F-A04E-577FE37EA6AB}.Release|Any CPU.ActiveCfg = Release|Any CPU
		{C2F58DCA-D85B-4B0F-A04E-577FE37EA6AB}.Release|Any CPU.Build.0 = Release|Any CPU
		{6DC5360F-E8C0-40D7-951F-C050D770A319}.Debug|Any CPU.ActiveCfg = Debug|Any CPU
		{6DC5360F-E8C0-40D7-951F-C050D770A319}.Debug|Any CPU.Build.0 = Debug|Any CPU
		{6DC5360F-E8C0-40D7-951F-C050D770A319}.Release|Any CPU.ActiveCfg = Release|Any CPU
		{6DC5360F-E8C0-40D7-951F-C050D770A319}.Release|Any CPU.Build.0 = Release|Any CPU
	EndGlobalSection
	GlobalSection(SolutionProperties) = preSolution
		HideSolutionNode = FALSE
	EndGlobalSection
	GlobalSection(NestedProjects) = preSolution
		{4E45DA02-2B9E-41AC-8D19-70D931D47064} = {AE99D29D-66DE-48A1-ABF8-48C6A9BDF5FD}
		{CB102F1F-B0AA-4644-BD83-299DB373BC89} = {AE99D29D-66DE-48A1-ABF8-48C6A9BDF5FD}
		{E1F1ECF6-8D25-4C15-8723-C86553AB847D} = {AE99D29D-66DE-48A1-ABF8-48C6A9BDF5FD}
		{6EA7BD51-186A-40D6-B217-4214A2944DC1} = {E1F1ECF6-8D25-4C15-8723-C86553AB847D}
		{E3D2BA38-E4D9-4522-8963-D261027301F1} = {6EA7BD51-186A-40D6-B217-4214A2944DC1}
		{7B7ADEFD-15A2-44C1-BF4A-7A2541AAB49A} = {CB102F1F-B0AA-4644-BD83-299DB373BC89}
		{B1268FA3-44EA-4FE6-8873-CA341BC317DA} = {7B7ADEFD-15A2-44C1-BF4A-7A2541AAB49A}
		{35186DA7-702A-4AD8-8FAE-BF3DD7051956} = {4E45DA02-2B9E-41AC-8D19-70D931D47064}
		{43CCE4B5-05AA-4A8B-8441-5ED41C6A9D7D} = {35186DA7-702A-4AD8-8FAE-BF3DD7051956}
		{B9D295DD-63C0-437A-9156-537B8B31985F} = {E1F1ECF6-8D25-4C15-8723-C86553AB847D}
		{130BD15B-05E1-41D7-A7C6-9E1067163804} = {B9D295DD-63C0-437A-9156-537B8B31985F}
		{BC6AEB56-F406-4D6F-8D39-0EEFE809AA71} = {E1F1ECF6-8D25-4C15-8723-C86553AB847D}
		{7FE2D5AE-2DC3-43D5-87E9-23794FEBF62A} = {BC6AEB56-F406-4D6F-8D39-0EEFE809AA71}
		{85113D45-4DC7-4E54-AEEE-459831A52BA2} = {E1F1ECF6-8D25-4C15-8723-C86553AB847D}
		{842F1B3C-5C45-4044-91CC-3AC179D89664} = {85113D45-4DC7-4E54-AEEE-459831A52BA2}
		{5C404D92-0B48-40D5-A93A-4D4AD44E1CD0} = {E1F1ECF6-8D25-4C15-8723-C86553AB847D}
		{11611383-CE03-4FF1-B3D8-92EAC1BE59F8} = {5C404D92-0B48-40D5-A93A-4D4AD44E1CD0}
		{3B48F3D3-1717-498C-8001-31215F07DAC3} = {E1F1ECF6-8D25-4C15-8723-C86553AB847D}
		{C2F58DCA-D85B-4B0F-A04E-577FE37EA6AB} = {3B48F3D3-1717-498C-8001-31215F07DAC3}
		{55C2802B-E8FF-40E7-A607-C3A7BDFF0B29} = {4E45DA02-2B9E-41AC-8D19-70D931D47064}
		{6DC5360F-E8C0-40D7-951F-C050D770A319} = {55C2802B-E8FF-40E7-A607-C3A7BDFF0B29}
	EndGlobalSection
	GlobalSection(ExtensibilityGlobals) = postSolution
		SolutionGuid = {77645CC8-B99E-4030-B137-27252039365D}
	EndGlobalSection
EndGlobal
